
Microsoft Visual Studio Solution File, Format Version 12.00
# Visual Studio Version 17
VisualStudioVersion = 17.2.32422.2
MinimumVisualStudioVersion = 10.0.40219.1
Project("{FAE04EC0-301F-11D3-BF4B-00C04F79EFBC}") = "SecurityApi", "SecurityApi\SecurityApi.csproj", "{B911C3D9-C1F3-47CD-845B-09AE93FC6BAE}"
EndProject
Global
	GlobalSection(SolutionConfigurationPlatforms) = preSolution
		Debug|Any CPU = Debug|Any CPU
		Release|Any CPU = Release|Any CPU
	EndGlobalSection
	GlobalSection(ProjectConfigurationPlatforms) = postSolution
		{B911C3D9-C1F3-47CD-845B-09AE93FC6BAE}.Debug|Any CPU.ActiveCfg = Debug|Any CPU
		{B911C3D9-C1F3-47CD-845B-09AE93FC6BAE}.Debug|Any CPU.Build.0 = Debug|Any CPU
		{B911C3D9-C1F3-47CD-845B-09AE93FC6BAE}.Release|Any CPU.ActiveCfg = Release|Any CPU
		{B911C3D9-C1F3-47CD-845B-09AE93FC6BAE}.Release|Any CPU.Build.0 = Release|Any CPU
	EndGlobalSection
	GlobalSection(SolutionProperties) = preSolution
		HideSolutionNode = FALSE
	EndGlobalSection
	GlobalSection(ExtensibilityGlobals) = postSolution
		SolutionGuid = {2B02F52E-8D70-4931-A627-7BF39B181A81}
	EndGlobalSection
EndGlobal
